{
  "name": "perftutorialk6",
  "version": "1.0.0",
  "lockfileVersion": 1,
  "requires": true,
  "dependencies": {
    "influx": {
      "version": "5.9.0",
      "resolved": "https://registry.npmjs.org/influx/-/influx-5.9.0.tgz",
      "integrity": "sha512-oAG5tpxzWep7cA+1ybEK0HIptuBGK+DwObeSmsIRr9VXBf4ggN/vqSUqlvgQpjEoeUNr2tphHZJWc9n33sle9A=="
    }
  }
}
